{
  "name": "code-reality-plugin",
  "version": "0.3.1",
  "lockfileVersion": 3,
  "requires": true,
  "packages": {
    "": {
      "name": "code-reality-plugin",
      "version": "0.3.1",
      "optionalDependencies": {
        "code-reality-darwin-arm64": "0.3.1"
      }
    },
    "node_modules/code-reality-darwin-arm64": {
      "version": "0.3.1",
      "resolved": "https://registry.npmjs.org/code-reality-darwin-arm64/-/code-reality-darwin-arm64-0.3.1.tgz",
      "integrity": "sha512-RJIp6cZytUtSVYvQ4iBNi12xjmTPveYCq2B0s+gpQTsG/5Z9lMdtm09rw4EL6BqPTTvKfS0D0P2eObl3F2UJVQ==",
      "cpu": [
        "arm64"
      ],
      "license": "MIT",
      "optional": true,
      "os": [
        "darwin"
      ],
      "bin": {
        "code-reality": "bin/code-reality",
        "code-reality-lsp-bridge": "bin/code-reality-lsp-bridge",
        "code-reality-mcp": "bin/code-reality-mcp",
        "pyrefly-index": "bin/pyrefly-index",
        "pyrefly-lsp": "bin/pyrefly-lsp"
      }
    }
  }
}
