{
  "name": "code-reality-plugin",
  "version": "0.3.0",
  "lockfileVersion": 3,
  "requires": true,
  "packages": {
    "": {
      "name": "code-reality-plugin",
      "version": "0.3.0",
      "optionalDependencies": {
        "code-reality-darwin-arm64": "0.3.0"
      }
    },
    "node_modules/code-reality-darwin-arm64": {
      "version": "0.3.0",
      "resolved": "https://registry.npmjs.org/code-reality-darwin-arm64/-/code-reality-darwin-arm64-0.3.0.tgz",
      "integrity": "sha512-4UPbUiF823wxQmcVgyyYsb2oxAjfB1vmKlarc5N8bJMmKOiefQw1ieylMUSEKc6Iuahd4KcrWLOCIzvfkH/X3w==",
      "cpu": [
        "arm64"
      ],
      "license": "MIT",
      "optional": true,
      "os": [
        "darwin"
      ],
      "bin": {
        "code-reality": "bin/code-reality",
        "code-reality-lsp-bridge": "bin/code-reality-lsp-bridge",
        "code-reality-mcp": "bin/code-reality-mcp",
        "pyrefly-index": "bin/pyrefly-index",
        "pyrefly-lsp": "bin/pyrefly-lsp"
      }
    }
  }
}
